// !$*UTF8*$!
{
	archiveVersion = 1;
	classes = {
	};
	objectVersion = 46;
	objects = {
/* Begin PBXBuildFile section */
		1D3623260D0F684500981E51 /* AppDelegate.m in Sources */ = {isa = PBXBuildFile; fileRef = 1D3623250D0F684500981E51 /* AppDelegate.m */; };
		1D60589B0D05DD56006BFB54 /* main.m in Sources */ = {isa = PBXBuildFile; fileRef = 29B97316FDCFA39411CA2CEA /* main.m */; };
		1F766FE113BBADB100FB74C0 /* Localizable.strings in Resources */ = {isa = PBXBuildFile; fileRef = 1F766FDC13BBADB100FB74C0 /* Localizable.strings */; };
		288765FD0DF74451002DB57D /* CoreGraphics.framework in Frameworks */ = {isa = PBXBuildFile; fileRef = 288765FC0DF74451002DB57D /* CoreGraphics.framework */; };
		301BF552109A68D80062928A /* libCordova.a in Frameworks */ = {isa = PBXBuildFile; fileRef = 301BF535109A57CC0062928A /* libCordova.a */; };
		302D95F114D2391D003F00A1 /* MainViewController.m in Sources */ = {isa = PBXBuildFile; fileRef = 302D95EF14D2391D003F00A1 /* MainViewController.m */; };
		302D95F214D2391D003F00A1 /* MainViewController.xib in Resources */ = {isa = PBXBuildFile; fileRef = 302D95F014D2391D003F00A1 /* MainViewController.xib */; };
		305D5FD1115AB8F900A74A75 /* MobileCoreServices.framework in Frameworks */ = {isa = PBXBuildFile; fileRef = 305D5FD0115AB8F900A74A75 /* MobileCoreServices.framework */; };
		3088BBC1154F3926009F9C59 /* Default@2x~iphone.png in Resources */ = {isa = PBXBuildFile; fileRef = 3088BBBB154F3926009F9C59 /* Default@2x~iphone.png */; };
		3088BBC2154F3926009F9C59 /* Default~iphone.png in Resources */ = {isa = PBXBuildFile; fileRef = 3088BBBC154F3926009F9C59 /* Default~iphone.png */; };
		308D05371370CCF300D202BF /* icon-72.png in Resources */ = {isa = PBXBuildFile; fileRef = 308D052E1370CCF300D202BF /* icon-72.png */; };
		308D05381370CCF300D202BF /* icon.png in Resources */ = {isa = PBXBuildFile; fileRef = 308D052F1370CCF300D202BF /* icon.png */; };
		308D05391370CCF300D202BF /* icon@2x.png in Resources */ = {isa = PBXBuildFile; fileRef = 308D05301370CCF300D202BF /* icon@2x.png */; };
		30A0434814DC770100060A13 /* Localizable.strings in Resources */ = {isa = PBXBuildFile; fileRef = 30A0434314DC770100060A13 /* Localizable.strings */; };
		30FC414916E50CA1004E6F35 /* icon-72@2x.png in Resources */ = {isa = PBXBuildFile; fileRef = 30FC414816E50CA1004E6F35 /* icon-72@2x.png */; };
		5AEE5B35173C68D80009041E /* CoreLocation.framework in Frameworks */ = {isa = PBXBuildFile; fileRef = 5AEE5B34173C68D80009041E /* CoreLocation.framework */; };
		5B1594DD16A7569C00FEF299 /* AssetsLibrary.framework in Frameworks */ = {isa = PBXBuildFile; fileRef = 5B1594DC16A7569C00FEF299 /* AssetsLibrary.framework */; };
		7034D790DFF24A69A6750492 /* libz.dylib in Frameworks */ = {isa = PBXBuildFile; fileRef = A323DE73D73843ADA1F998CB /* libz.dylib */; };
		82B426AD5EB94EC6A8112EC8 /* AudioToolbox.framework in Frameworks */ = {isa = PBXBuildFile; fileRef = F46B2AAAD67143BCBCAB2650 /* AudioToolbox.framework */; settings = {ATTRIBUTES = (Weak, ); }; };
		867D9E8118CAE55E003C7541 /* icon-120.png in Resources */ = {isa = PBXBuildFile; fileRef = 867D9E8018CAE55E003C7541 /* icon-120.png */; };
		867E4C2218B5D85E00791714 /* CanvasCamera.m in Sources */ = {isa = PBXBuildFile; fileRef = 867E4C2118B5D85E00791714 /* CanvasCamera.m */; };
		867E4C2418B5D89800791714 /* CoreVideo.framework in Frameworks */ = {isa = PBXBuildFile; fileRef = 867E4C2318B5D89800791714 /* CoreVideo.framework */; };
		867E4C2918B796FA00791714 /* icon-camera.png in Resources */ = {isa = PBXBuildFile; fileRef = 867E4C2818B796FA00791714 /* icon-camera.png */; };
		867E4C2B18B79C2700791714 /* ImageIO.framework in Frameworks */ = {isa = PBXBuildFile; fileRef = 867E4C2A18B79C2700791714 /* ImageIO.framework */; };
		86A1795F18C1EC0D00BAB19C /* AFHTTPRequestOperation.m in Sources */ = {isa = PBXBuildFile; fileRef = 86A1794D18C1EC0D00BAB19C /* AFHTTPRequestOperation.m */; };
		86A1796018C1EC0D00BAB19C /* AFHTTPRequestOperationManager.m in Sources */ = {isa = PBXBuildFile; fileRef = 86A1794F18C1EC0D00BAB19C /* AFHTTPRequestOperationManager.m */; };
		86A1796118C1EC0D00BAB19C /* AFHTTPSessionManager.m in Sources */ = {isa = PBXBuildFile; fileRef = 86A1795118C1EC0D00BAB19C /* AFHTTPSessionManager.m */; };
		86A1796218C1EC0D00BAB19C /* AFNetworkReachabilityManager.m in Sources */ = {isa = PBXBuildFile; fileRef = 86A1795418C1EC0D00BAB19C /* AFNetworkReachabilityManager.m */; };
		86A1796318C1EC0D00BAB19C /* AFSecurityPolicy.m in Sources */ = {isa = PBXBuildFile; fileRef = 86A1795618C1EC0D00BAB19C /* AFSecurityPolicy.m */; };
		86A1796418C1EC0D00BAB19C /* AFURLConnectionOperation.m in Sources */ = {isa = PBXBuildFile; fileRef = 86A1795818C1EC0D00BAB19C /* AFURLConnectionOperation.m */; };
		86A1796518C1EC0D00BAB19C /* AFURLRequestSerialization.m in Sources */ = {isa = PBXBuildFile; fileRef = 86A1795A18C1EC0D00BAB19C /* AFURLRequestSerialization.m */; };
		86A1796618C1EC0D00BAB19C /* AFURLResponseSerialization.m in Sources */ = {isa = PBXBuildFile; fileRef = 86A1795C18C1EC0D00BAB19C /* AFURLResponseSerialization.m */; };
		86A1796718C1EC0D00BAB19C /* AFURLSessionManager.m in Sources */ = {isa = PBXBuildFile; fileRef = 86A1795E18C1EC0D00BAB19C /* AFURLSessionManager.m */; };
		86A1796A18C1EE8700BAB19C /* Security.framework in Frameworks */ = {isa = PBXBuildFile; fileRef = 86A1796918C1EE8700BAB19C /* Security.framework */; };
		86A1796C18C1EE9100BAB19C /* SystemConfiguration.framework in Frameworks */ = {isa = PBXBuildFile; fileRef = 86A1796B18C1EE9100BAB19C /* SystemConfiguration.framework */; };
		86A27E1018BC84A7009F27F1 /* notpenny.png in Resources */ = {isa = PBXBuildFile; fileRef = 86A27E0F18BC84A7009F27F1 /* notpenny.png */; };
		86A27E1518BC884B009F27F1 /* CDVDevice.m in Sources */ = {isa = PBXBuildFile; fileRef = 86A27E1418BC884B009F27F1 /* CDVDevice.m */; };
		86A27E1C18BC885D009F27F1 /* CDVAssetLibraryFilesystem.m in Sources */ = {isa = PBXBuildFile; fileRef = 86A27E1718BC885D009F27F1 /* CDVAssetLibraryFilesystem.m */; };
		86A27E1D18BC885D009F27F1 /* CDVFile.m in Sources */ = {isa = PBXBuildFile; fileRef = 86A27E1918BC885D009F27F1 /* CDVFile.m */; };
		86A27E1E18BC885D009F27F1 /* CDVLocalFilesystem.m in Sources */ = {isa = PBXBuildFile; fileRef = 86A27E1B18BC885D009F27F1 /* CDVLocalFilesystem.m */; };
		86A27E2118BC8868009F27F1 /* CDVFileTransfer.m in Sources */ = {isa = PBXBuildFile; fileRef = 86A27E2018BC8868009F27F1 /* CDVFileTransfer.m */; };
		86A27E2A18BCED34009F27F1 /* CDVNotification.m in Sources */ = {isa = PBXBuildFile; fileRef = 86A27E2918BCED34009F27F1 /* CDVNotification.m */; };
		86A27E2C18BCED40009F27F1 /* CDVNotification.bundle in Resources */ = {isa = PBXBuildFile; fileRef = 86A27E2B18BCED40009F27F1 /* CDVNotification.bundle */; };
		86ABF88018CAE93A00940FDB /* PushNotification.m in Sources */ = {isa = PBXBuildFile; fileRef = 86ABF87F18CAE93A00940FDB /* PushNotification.m */; };
		86ABF8DA18CCED7900940FDB /* UniversalAnalyticsPlugin.m in Sources */ = {isa = PBXBuildFile; fileRef = 86ABF8D918CCED7900940FDB /* UniversalAnalyticsPlugin.m */; };
		86ABF8E318CCEE4C00940FDB /* libGoogleAnalyticsServices.a in Frameworks */ = {isa = PBXBuildFile; fileRef = 86ABF8E218CCEE4C00940FDB /* libGoogleAnalyticsServices.a */; };
		86BCEC1418B7E8EF00C8AF3E /* ohlavache.png in Resources */ = {isa = PBXBuildFile; fileRef = 86BCEC1318B7E8EF00C8AF3E /* ohlavache.png */; };
		86DF1AF118BD901500B3A212 /* icon-close.png in Resources */ = {isa = PBXBuildFile; fileRef = 86DF1AF018BD901500B3A212 /* icon-close.png */; };
		B9543616CE034F2E91872674 /* AdSupport.framework in Frameworks */ = {isa = PBXBuildFile; fileRef = 93DF4BE4BD34420AA591E7D5 /* AdSupport.framework */; };
		D4A0D8761607E02300AEF8BB /* Default-568h@2x~iphone.png in Resources */ = {isa = PBXBuildFile; fileRef = D4A0D8751607E02300AEF8BB /* Default-568h@2x~iphone.png */; };
		E368C893478B42F2AAC9EB98 /* CoreData.framework in Frameworks */ = {isa = PBXBuildFile; fileRef = 69E14BCA28FD4F13A36F9C54 /* CoreData.framework */; };
		F840E1F1165FE0F500CFE078 /* config.xml in Resources */ = {isa = PBXBuildFile; fileRef = F840E1F0165FE0F500CFE078 /* config.xml */; };
/* End PBXBuildFile section */

/* Begin PBXContainerItemProxy section */
		301BF534109A57CC0062928A /* PBXContainerItemProxy */ = {
			isa = PBXContainerItemProxy;
			containerPortal = 301BF52D109A57CC0062928A /* CordovaLib.xcodeproj */;
			proxyType = 2;
			remoteGlobalIDString = D2AAC07E0554694100DB518D;
			remoteInfo = CordovaLib;
		};
		301BF550109A68C00062928A /* PBXContainerItemProxy */ = {
			isa = PBXContainerItemProxy;
			containerPortal = 301BF52D109A57CC0062928A /* CordovaLib.xcodeproj */;
			proxyType = 1;
			remoteGlobalIDString = D2AAC07D0554694100DB518D;
			remoteInfo = CordovaLib;
		};
/* End PBXContainerItemProxy section */

/* Begin PBXFileReference section */
		1D3623240D0F684500981E51 /* AppDelegate.h */ = {isa = PBXFileReference; fileEncoding = 4; lastKnownFileType = sourcecode.c.h; path = AppDelegate.h; sourceTree = "<group>"; };
		1D3623250D0F684500981E51 /* AppDelegate.m */ = {isa = PBXFileReference; fileEncoding = 4; lastKnownFileType = sourcecode.c.objc; path = AppDelegate.m; sourceTree = "<group>"; };
		1D6058910D05DD3D006BFB54 /* lapetitefalope.app */ = {isa = PBXFileReference; explicitFileType = wrapper.application; includeInIndex = 0; path = lapetitefalope.app; sourceTree = BUILT_PRODUCTS_DIR; };
		1F766FDD13BBADB100FB74C0 /* en */ = {isa = PBXFileReference; lastKnownFileType = text.plist.strings; name = en; path = Localizable.strings; sourceTree = "<group>"; };
		1F766FE013BBADB100FB74C0 /* es */ = {isa = PBXFileReference; lastKnownFileType = text.plist.strings; name = es; path = Localizable.strings; sourceTree = "<group>"; };
		288765FC0DF74451002DB57D /* CoreGraphics.framework */ = {isa = PBXFileReference; lastKnownFileType = wrapper.framework; name = CoreGraphics.framework; path = System/Library/Frameworks/CoreGraphics.framework; sourceTree = SDKROOT; };
		29B97316FDCFA39411CA2CEA /* main.m */ = {isa = PBXFileReference; fileEncoding = 4; lastKnownFileType = sourcecode.c.objc; path = main.m; sourceTree = "<group>"; };
		301BF52D109A57CC0062928A /* CordovaLib.xcodeproj */ = {isa = PBXFileReference; lastKnownFileType = "wrapper.pb-project"; name = CordovaLib.xcodeproj; path = CordovaLib/CordovaLib.xcodeproj; sourceTree = "<group>"; };
		301BF56E109A69640062928A /* www */ = {isa = PBXFileReference; lastKnownFileType = folder; path = www; sourceTree = SOURCE_ROOT; };
		302D95EE14D2391D003F00A1 /* MainViewController.h */ = {isa = PBXFileReference; fileEncoding = 4; lastKnownFileType = sourcecode.c.h; path = MainViewController.h; sourceTree = "<group>"; };
		302D95EF14D2391D003F00A1 /* MainViewController.m */ = {isa = PBXFileReference; fileEncoding = 4; lastKnownFileType = sourcecode.c.objc; path = MainViewController.m; sourceTree = "<group>"; };
		302D95F014D2391D003F00A1 /* MainViewController.xib */ = {isa = PBXFileReference; fileEncoding = 4; lastKnownFileType = file.xib; path = MainViewController.xib; sourceTree = "<group>"; };
		305D5FD0115AB8F900A74A75 /* MobileCoreServices.framework */ = {isa = PBXFileReference; lastKnownFileType = wrapper.framework; name = MobileCoreServices.framework; path = System/Library/Frameworks/MobileCoreServices.framework; sourceTree = SDKROOT; };
		3088BBBB154F3926009F9C59 /* Default@2x~iphone.png */ = {isa = PBXFileReference; lastKnownFileType = image.png; path = "Default@2x~iphone.png"; sourceTree = "<group>"; };
		3088BBBC154F3926009F9C59 /* Default~iphone.png */ = {isa = PBXFileReference; lastKnownFileType = image.png; path = "Default~iphone.png"; sourceTree = "<group>"; };
		308D052E1370CCF300D202BF /* icon-72.png */ = {isa = PBXFileReference; lastKnownFileType = image.png; path = "icon-72.png"; sourceTree = "<group>"; };
		308D052F1370CCF300D202BF /* icon.png */ = {isa = PBXFileReference; lastKnownFileType = image.png; path = icon.png; sourceTree = "<group>"; };
		308D05301370CCF300D202BF /* icon@2x.png */ = {isa = PBXFileReference; lastKnownFileType = image.png; path = "icon@2x.png"; sourceTree = "<group>"; };
		30A0434414DC770100060A13 /* de */ = {isa = PBXFileReference; lastKnownFileType = text.plist.strings; name = de; path = Localizable.strings; sourceTree = "<group>"; };
		30A0434714DC770100060A13 /* se */ = {isa = PBXFileReference; lastKnownFileType = text.plist.strings; name = se; path = Localizable.strings; sourceTree = "<group>"; };
		30FC414816E50CA1004E6F35 /* icon-72@2x.png */ = {isa = PBXFileReference; lastKnownFileType = image.png; path = "icon-72@2x.png"; sourceTree = "<group>"; };
		32CA4F630368D1EE00C91783 /* lapetitefalope-Prefix.pch */ = {isa = PBXFileReference; fileEncoding = 4; lastKnownFileType = sourcecode.c.h; path = "lapetitefalope-Prefix.pch"; sourceTree = "<group>"; };
		5AEE5B34173C68D80009041E /* CoreLocation.framework */ = {isa = PBXFileReference; lastKnownFileType = wrapper.framework; name = CoreLocation.framework; path = System/Library/Frameworks/CoreLocation.framework; sourceTree = SDKROOT; };
		5B1594DC16A7569C00FEF299 /* AssetsLibrary.framework */ = {isa = PBXFileReference; lastKnownFileType = wrapper.framework; name = AssetsLibrary.framework; path = System/Library/Frameworks/AssetsLibrary.framework; sourceTree = SDKROOT; };
		69E14BCA28FD4F13A36F9C54 /* CoreData.framework */ = {isa = PBXFileReference; fileEncoding = 4; lastKnownFileType = wrapper.framework; name = CoreData.framework; path = System/Library/Frameworks/CoreData.framework; sourceTree = SDKROOT; };
		867D9E8018CAE55E003C7541 /* icon-120.png */ = {isa = PBXFileReference; lastKnownFileType = image.png; path = "icon-120.png"; sourceTree = "<group>"; };
		867E4C2018B5D85E00791714 /* CanvasCamera.h */ = {isa = PBXFileReference; fileEncoding = 4; lastKnownFileType = sourcecode.c.h; path = CanvasCamera.h; sourceTree = "<group>"; };
		867E4C2118B5D85E00791714 /* CanvasCamera.m */ = {isa = PBXFileReference; fileEncoding = 4; lastKnownFileType = sourcecode.c.objc; path = CanvasCamera.m; sourceTree = "<group>"; };
		867E4C2318B5D89800791714 /* CoreVideo.framework */ = {isa = PBXFileReference; lastKnownFileType = wrapper.framework; name = CoreVideo.framework; path = System/Library/Frameworks/CoreVideo.framework; sourceTree = SDKROOT; };
		867E4C2818B796FA00791714 /* icon-camera.png */ = {isa = PBXFileReference; lastKnownFileType = image.png; path = "icon-camera.png"; sourceTree = "<group>"; };
		867E4C2A18B79C2700791714 /* ImageIO.framework */ = {isa = PBXFileReference; lastKnownFileType = wrapper.framework; name = ImageIO.framework; path = System/Library/Frameworks/ImageIO.framework; sourceTree = SDKROOT; };
		86A1794C18C1EC0D00BAB19C /* AFHTTPRequestOperation.h */ = {isa = PBXFileReference; fileEncoding = 4; lastKnownFileType = sourcecode.c.h; path = AFHTTPRequestOperation.h; sourceTree = "<group>"; };
		86A1794D18C1EC0D00BAB19C /* AFHTTPRequestOperation.m */ = {isa = PBXFileReference; fileEncoding = 4; lastKnownFileType = sourcecode.c.objc; path = AFHTTPRequestOperation.m; sourceTree = "<group>"; };
		86A1794E18C1EC0D00BAB19C /* AFHTTPRequestOperationManager.h */ = {isa = PBXFileReference; fileEncoding = 4; lastKnownFileType = sourcecode.c.h; path = AFHTTPRequestOperationManager.h; sourceTree = "<group>"; };
		86A1794F18C1EC0D00BAB19C /* AFHTTPRequestOperationManager.m */ = {isa = PBXFileReference; fileEncoding = 4; lastKnownFileType = sourcecode.c.objc; path = AFHTTPRequestOperationManager.m; sourceTree = "<group>"; };
		86A1795018C1EC0D00BAB19C /* AFHTTPSessionManager.h */ = {isa = PBXFileReference; fileEncoding = 4; lastKnownFileType = sourcecode.c.h; path = AFHTTPSessionManager.h; sourceTree = "<group>"; };
		86A1795118C1EC0D00BAB19C /* AFHTTPSessionManager.m */ = {isa = PBXFileReference; fileEncoding = 4; lastKnownFileType = sourcecode.c.objc; path = AFHTTPSessionManager.m; sourceTree = "<group>"; };
		86A1795218C1EC0D00BAB19C /* AFNetworking.h */ = {isa = PBXFileReference; fileEncoding = 4; lastKnownFileType = sourcecode.c.h; path = AFNetworking.h; sourceTree = "<group>"; };
		86A1795318C1EC0D00BAB19C /* AFNetworkReachabilityManager.h */ = {isa = PBXFileReference; fileEncoding = 4; lastKnownFileType = sourcecode.c.h; path = AFNetworkReachabilityManager.h; sourceTree = "<group>"; };
		86A1795418C1EC0D00BAB19C /* AFNetworkReachabilityManager.m */ = {isa = PBXFileReference; fileEncoding = 4; lastKnownFileType = sourcecode.c.objc; path = AFNetworkReachabilityManager.m; sourceTree = "<group>"; };
		86A1795518C1EC0D00BAB19C /* AFSecurityPolicy.h */ = {isa = PBXFileReference; fileEncoding = 4; lastKnownFileType = sourcecode.c.h; path = AFSecurityPolicy.h; sourceTree = "<group>"; };
		86A1795618C1EC0D00BAB19C /* AFSecurityPolicy.m */ = {isa = PBXFileReference; fileEncoding = 4; lastKnownFileType = sourcecode.c.objc; path = AFSecurityPolicy.m; sourceTree = "<group>"; };
		86A1795718C1EC0D00BAB19C /* AFURLConnectionOperation.h */ = {isa = PBXFileReference; fileEncoding = 4; lastKnownFileType = sourcecode.c.h; path = AFURLConnectionOperation.h; sourceTree = "<group>"; };
		86A1795818C1EC0D00BAB19C /* AFURLConnectionOperation.m */ = {isa = PBXFileReference; fileEncoding = 4; lastKnownFileType = sourcecode.c.objc; path = AFURLConnectionOperation.m; sourceTree = "<group>"; };
		86A1795918C1EC0D00BAB19C /* AFURLRequestSerialization.h */ = {isa = PBXFileReference; fileEncoding = 4; lastKnownFileType = sourcecode.c.h; path = AFURLRequestSerialization.h; sourceTree = "<group>"; };
		86A1795A18C1EC0D00BAB19C /* AFURLRequestSerialization.m */ = {isa = PBXFileReference; fileEncoding = 4; lastKnownFileType = sourcecode.c.objc; path = AFURLRequestSerialization.m; sourceTree = "<group>"; };
		86A1795B18C1EC0D00BAB19C /* AFURLResponseSerialization.h */ = {isa = PBXFileReference; fileEncoding = 4; lastKnownFileType = sourcecode.c.h; path = AFURLResponseSerialization.h; sourceTree = "<group>"; };
		86A1795C18C1EC0D00BAB19C /* AFURLResponseSerialization.m */ = {isa = PBXFileReference; fileEncoding = 4; lastKnownFileType = sourcecode.c.objc; path = AFURLResponseSerialization.m; sourceTree = "<group>"; };
		86A1795D18C1EC0D00BAB19C /* AFURLSessionManager.h */ = {isa = PBXFileReference; fileEncoding = 4; lastKnownFileType = sourcecode.c.h; path = AFURLSessionManager.h; sourceTree = "<group>"; };
		86A1795E18C1EC0D00BAB19C /* AFURLSessionManager.m */ = {isa = PBXFileReference; fileEncoding = 4; lastKnownFileType = sourcecode.c.objc; path = AFURLSessionManager.m; sourceTree = "<group>"; };
		86A1796918C1EE8700BAB19C /* Security.framework */ = {isa = PBXFileReference; lastKnownFileType = wrapper.framework; name = Security.framework; path = System/Library/Frameworks/Security.framework; sourceTree = SDKROOT; };
		86A1796B18C1EE9100BAB19C /* SystemConfiguration.framework */ = {isa = PBXFileReference; lastKnownFileType = wrapper.framework; name = SystemConfiguration.framework; path = System/Library/Frameworks/SystemConfiguration.framework; sourceTree = SDKROOT; };
		86A27E0F18BC84A7009F27F1 /* notpenny.png */ = {isa = PBXFileReference; lastKnownFileType = image.png; name = notpenny.png; path = ../../../../../../../Pictures/notpenny.png; sourceTree = "<group>"; };
		86A27E1318BC884B009F27F1 /* CDVDevice.h */ = {isa = PBXFileReference; fileEncoding = 4; lastKnownFileType = sourcecode.c.h; name = CDVDevice.h; path = ../../../../plugins/org.apache.cordova.device/src/ios/CDVDevice.h; sourceTree = "<group>"; };
		86A27E1418BC884B009F27F1 /* CDVDevice.m */ = {isa = PBXFileReference; fileEncoding = 4; lastKnownFileType = sourcecode.c.objc; name = CDVDevice.m; path = ../../../../plugins/org.apache.cordova.device/src/ios/CDVDevice.m; sourceTree = "<group>"; };
		86A27E1618BC885D009F27F1 /* CDVAssetLibraryFilesystem.h */ = {isa = PBXFileReference; fileEncoding = 4; lastKnownFileType = sourcecode.c.h; name = CDVAssetLibraryFilesystem.h; path = ../../../../plugins/org.apache.cordova.file/src/ios/CDVAssetLibraryFilesystem.h; sourceTree = "<group>"; };
		86A27E1718BC885D009F27F1 /* CDVAssetLibraryFilesystem.m */ = {isa = PBXFileReference; fileEncoding = 4; lastKnownFileType = sourcecode.c.objc; name = CDVAssetLibraryFilesystem.m; path = ../../../../plugins/org.apache.cordova.file/src/ios/CDVAssetLibraryFilesystem.m; sourceTree = "<group>"; };
		86A27E1818BC885D009F27F1 /* CDVFile.h */ = {isa = PBXFileReference; fileEncoding = 4; lastKnownFileType = sourcecode.c.h; name = CDVFile.h; path = ../../../../plugins/org.apache.cordova.file/src/ios/CDVFile.h; sourceTree = "<group>"; };
		86A27E1918BC885D009F27F1 /* CDVFile.m */ = {isa = PBXFileReference; fileEncoding = 4; lastKnownFileType = sourcecode.c.objc; name = CDVFile.m; path = ../../../../plugins/org.apache.cordova.file/src/ios/CDVFile.m; sourceTree = "<group>"; };
		86A27E1A18BC885D009F27F1 /* CDVLocalFilesystem.h */ = {isa = PBXFileReference; fileEncoding = 4; lastKnownFileType = sourcecode.c.h; name = CDVLocalFilesystem.h; path = ../../../../plugins/org.apache.cordova.file/src/ios/CDVLocalFilesystem.h; sourceTree = "<group>"; };
		86A27E1B18BC885D009F27F1 /* CDVLocalFilesystem.m */ = {isa = PBXFileReference; fileEncoding = 4; lastKnownFileType = sourcecode.c.objc; name = CDVLocalFilesystem.m; path = ../../../../plugins/org.apache.cordova.file/src/ios/CDVLocalFilesystem.m; sourceTree = "<group>"; };
		86A27E1F18BC8868009F27F1 /* CDVFileTransfer.h */ = {isa = PBXFileReference; fileEncoding = 4; lastKnownFileType = sourcecode.c.h; name = CDVFileTransfer.h; path = "../../../../plugins/org.apache.cordova.file-transfer/src/ios/CDVFileTransfer.h"; sourceTree = "<group>"; };
		86A27E2018BC8868009F27F1 /* CDVFileTransfer.m */ = {isa = PBXFileReference; fileEncoding = 4; lastKnownFileType = sourcecode.c.objc; name = CDVFileTransfer.m; path = "../../../../plugins/org.apache.cordova.file-transfer/src/ios/CDVFileTransfer.m"; sourceTree = "<group>"; };
		86A27E2818BCED34009F27F1 /* CDVNotification.h */ = {isa = PBXFileReference; fileEncoding = 4; lastKnownFileType = sourcecode.c.h; name = CDVNotification.h; path = ../../../../plugins/org.apache.cordova.dialogs/src/ios/CDVNotification.h; sourceTree = "<group>"; };
		86A27E2918BCED34009F27F1 /* CDVNotification.m */ = {isa = PBXFileReference; fileEncoding = 4; lastKnownFileType = sourcecode.c.objc; name = CDVNotification.m; path = ../../../../plugins/org.apache.cordova.dialogs/src/ios/CDVNotification.m; sourceTree = "<group>"; };
		86A27E2B18BCED40009F27F1 /* CDVNotification.bundle */ = {isa = PBXFileReference; lastKnownFileType = "wrapper.plug-in"; name = CDVNotification.bundle; path = ../../../../plugins/org.apache.cordova.dialogs/src/ios/CDVNotification.bundle; sourceTree = "<group>"; };
		86ABF87E18CAE93A00940FDB /* PushNotification.h */ = {isa = PBXFileReference; fileEncoding = 4; lastKnownFileType = sourcecode.c.h; path = PushNotification.h; sourceTree = "<group>"; };
		86ABF87F18CAE93A00940FDB /* PushNotification.m */ = {isa = PBXFileReference; fileEncoding = 4; lastKnownFileType = sourcecode.c.objc; path = PushNotification.m; sourceTree = "<group>"; };
		86ABF8D818CCED7900940FDB /* UniversalAnalyticsPlugin.h */ = {isa = PBXFileReference; fileEncoding = 4; lastKnownFileType = sourcecode.c.h; name = UniversalAnalyticsPlugin.h; path = ../../../../plugins/com.danielcwilson.plugins.googleanalytics/ios/UniversalAnalyticsPlugin.h; sourceTree = "<group>"; };
		86ABF8D918CCED7900940FDB /* UniversalAnalyticsPlugin.m */ = {isa = PBXFileReference; fileEncoding = 4; lastKnownFileType = sourcecode.c.objc; name = UniversalAnalyticsPlugin.m; path = ../../../../plugins/com.danielcwilson.plugins.googleanalytics/ios/UniversalAnalyticsPlugin.m; sourceTree = "<group>"; };
		86ABF8DC18CCEE4600940FDB /* GAI.h */ = {isa = PBXFileReference; lastKnownFileType = sourcecode.c.h; path = GAI.h; sourceTree = "<group>"; };
		86ABF8DD18CCEE4600940FDB /* GAIDictionaryBuilder.h */ = {isa = PBXFileReference; lastKnownFileType = sourcecode.c.h; path = GAIDictionaryBuilder.h; sourceTree = "<group>"; };
		86ABF8DE18CCEE4600940FDB /* GAIFields.h */ = {isa = PBXFileReference; lastKnownFileType = sourcecode.c.h; path = GAIFields.h; sourceTree = "<group>"; };
		86ABF8DF18CCEE4600940FDB /* GAILogger.h */ = {isa = PBXFileReference; lastKnownFileType = sourcecode.c.h; path = GAILogger.h; sourceTree = "<group>"; };
		86ABF8E018CCEE4600940FDB /* GAITrackedViewController.h */ = {isa = PBXFileReference; lastKnownFileType = sourcecode.c.h; path = GAITrackedViewController.h; sourceTree = "<group>"; };
		86ABF8E118CCEE4600940FDB /* GAITracker.h */ = {isa = PBXFileReference; lastKnownFileType = sourcecode.c.h; path = GAITracker.h; sourceTree = "<group>"; };
		86ABF8E218CCEE4C00940FDB /* libGoogleAnalyticsServices.a */ = {isa = PBXFileReference; lastKnownFileType = archive.ar; path = libGoogleAnalyticsServices.a; sourceTree = "<group>"; };
		86BCEC1318B7E8EF00C8AF3E /* ohlavache.png */ = {isa = PBXFileReference; lastKnownFileType = image.png; name = ohlavache.png; path = ../../../../../../../Pictures/ohlavache.png; sourceTree = "<group>"; };
		86DF1AF018BD901500B3A212 /* icon-close.png */ = {isa = PBXFileReference; lastKnownFileType = image.png; path = "icon-close.png"; sourceTree = "<group>"; };
		8D1107310486CEB800E47090 /* lapetitefalope-Info.plist */ = {isa = PBXFileReference; fileEncoding = 4; lastKnownFileType = text.plist.xml; name = "lapetitefalope-Info.plist"; path = "../lapetitefalope-Info.plist"; plistStructureDefinitionIdentifier = "com.apple.xcode.plist.structure-definition.iphone.info-plist"; sourceTree = "<group>"; };
		93DF4BE4BD34420AA591E7D5 /* AdSupport.framework */ = {isa = PBXFileReference; fileEncoding = 4; lastKnownFileType = wrapper.framework; name = AdSupport.framework; path = System/Library/Frameworks/AdSupport.framework; sourceTree = SDKROOT; };
		A323DE73D73843ADA1F998CB /* libz.dylib */ = {isa = PBXFileReference; fileEncoding = 4; lastKnownFileType = "compiled.mach-o.dylib"; name = libz.dylib; path = usr/lib/libz.dylib; sourceTree = SDKROOT; };
		D4A0D8751607E02300AEF8BB /* Default-568h@2x~iphone.png */ = {isa = PBXFileReference; lastKnownFileType = image.png; path = "Default-568h@2x~iphone.png"; sourceTree = "<group>"; };
		F46B2AAAD67143BCBCAB2650 /* AudioToolbox.framework */ = {isa = PBXFileReference; fileEncoding = 4; lastKnownFileType = wrapper.framework; name = AudioToolbox.framework; path = System/Library/Frameworks/AudioToolbox.framework; sourceTree = SDKROOT; };
		F840E1F0165FE0F500CFE078 /* config.xml */ = {isa = PBXFileReference; lastKnownFileType = text.xml; name = config.xml; path = lapetitefalope/config.xml; sourceTree = "<group>"; };
/* End PBXFileReference section */

/* Begin PBXFrameworksBuildPhase section */
		1D60588F0D05DD3D006BFB54 /* Frameworks */ = {
			isa = PBXFrameworksBuildPhase;
			buildActionMask = 2147483647;
			files = (
				86A1796C18C1EE9100BAB19C /* SystemConfiguration.framework in Frameworks */,
				86A1796A18C1EE8700BAB19C /* Security.framework in Frameworks */,
				867E4C2B18B79C2700791714 /* ImageIO.framework in Frameworks */,
				86ABF8E318CCEE4C00940FDB /* libGoogleAnalyticsServices.a in Frameworks */,
				867E4C2418B5D89800791714 /* CoreVideo.framework in Frameworks */,
				5B1594DD16A7569C00FEF299 /* AssetsLibrary.framework in Frameworks */,
				301BF552109A68D80062928A /* libCordova.a in Frameworks */,
				288765FD0DF74451002DB57D /* CoreGraphics.framework in Frameworks */,
				305D5FD1115AB8F900A74A75 /* MobileCoreServices.framework in Frameworks */,
				5AEE5B35173C68D80009041E /* CoreLocation.framework in Frameworks */,
				82B426AD5EB94EC6A8112EC8 /* AudioToolbox.framework in Frameworks */,
				E368C893478B42F2AAC9EB98 /* CoreData.framework in Frameworks */,
				B9543616CE034F2E91872674 /* AdSupport.framework in Frameworks */,
				7034D790DFF24A69A6750492 /* libz.dylib in Frameworks */,
			);
			runOnlyForDeploymentPostprocessing = 0;
		};
/* End PBXFrameworksBuildPhase section */

/* Begin PBXGroup section */
		080E96DDFE201D6D7F000001 /* Classes */ = {
			isa = PBXGroup;
			children = (
				86A1794B18C1EC0D00BAB19C /* AFNetworking */,
				302D95EE14D2391D003F00A1 /* MainViewController.h */,
				302D95EF14D2391D003F00A1 /* MainViewController.m */,
				302D95F014D2391D003F00A1 /* MainViewController.xib */,
				1D3623240D0F684500981E51 /* AppDelegate.h */,
				1D3623250D0F684500981E51 /* AppDelegate.m */,
			);
			name = Classes;
			path = lapetitefalope/Classes;
			sourceTree = SOURCE_ROOT;
		};
		19C28FACFE9D520D11CA2CBB /* Products */ = {
			isa = PBXGroup;
			children = (
				1D6058910D05DD3D006BFB54 /* lapetitefalope.app */,
			);
			name = Products;
			sourceTree = "<group>";
		};
		1F766FDB13BBADB100FB74C0 /* en.lproj */ = {
			isa = PBXGroup;
			children = (
				1F766FDC13BBADB100FB74C0 /* Localizable.strings */,
			);
			path = en.lproj;
			sourceTree = "<group>";
		};
		1F766FDE13BBADB100FB74C0 /* es.lproj */ = {
			isa = PBXGroup;
			children = (
				1F766FDF13BBADB100FB74C0 /* Localizable.strings */,
			);
			path = es.lproj;
			sourceTree = "<group>";
		};
		29B97314FDCFA39411CA2CEA /* CustomTemplate */ = {
			isa = PBXGroup;
			children = (
				F840E1F0165FE0F500CFE078 /* config.xml */,
				301BF56E109A69640062928A /* www */,
				301BF52D109A57CC0062928A /* CordovaLib.xcodeproj */,
				080E96DDFE201D6D7F000001 /* Classes */,
				307C750510C5A3420062BCA9 /* Plugins */,
				29B97315FDCFA39411CA2CEA /* Other Sources */,
				29B97317FDCFA39411CA2CEA /* Resources */,
				29B97323FDCFA39411CA2CEA /* Frameworks */,
				19C28FACFE9D520D11CA2CBB /* Products */,
			);
			name = CustomTemplate;
			sourceTree = "<group>";
		};
		29B97315FDCFA39411CA2CEA /* Other Sources */ = {
			isa = PBXGroup;
			children = (
				32CA4F630368D1EE00C91783 /* lapetitefalope-Prefix.pch */,
				29B97316FDCFA39411CA2CEA /* main.m */,
			);
			name = "Other Sources";
			path = lapetitefalope;
			sourceTree = "<group>";
		};
		29B97317FDCFA39411CA2CEA /* Resources */ = {
			isa = PBXGroup;
			children = (
				86DF1AF018BD901500B3A212 /* icon-close.png */,
				86A27E2B18BCED40009F27F1 /* CDVNotification.bundle */,
				86A27E0F18BC84A7009F27F1 /* notpenny.png */,
				86BCEC1318B7E8EF00C8AF3E /* ohlavache.png */,
				867E4C2818B796FA00791714 /* icon-camera.png */,
				30A0434214DC770100060A13 /* de.lproj */,
				30A0434514DC770100060A13 /* se.lproj */,
				1F766FDB13BBADB100FB74C0 /* en.lproj */,
				1F766FDE13BBADB100FB74C0 /* es.lproj */,
				308D052D1370CCF300D202BF /* icons */,
				308D05311370CCF300D202BF /* splash */,
				8D1107310486CEB800E47090 /* lapetitefalope-Info.plist */,
			);
			name = Resources;
			path = lapetitefalope/Resources;
			sourceTree = "<group>";
		};
		29B97323FDCFA39411CA2CEA /* Frameworks */ = {
			isa = PBXGroup;
			children = (
				86A1796B18C1EE9100BAB19C /* SystemConfiguration.framework */,
				86A1796918C1EE8700BAB19C /* Security.framework */,
				867E4C2A18B79C2700791714 /* ImageIO.framework */,
				867E4C2318B5D89800791714 /* CoreVideo.framework */,
				5AEE5B34173C68D80009041E /* CoreLocation.framework */,
				5B1594DC16A7569C00FEF299 /* AssetsLibrary.framework */,
				288765FC0DF74451002DB57D /* CoreGraphics.framework */,
				305D5FD0115AB8F900A74A75 /* MobileCoreServices.framework */,
				F46B2AAAD67143BCBCAB2650 /* AudioToolbox.framework */,
				69E14BCA28FD4F13A36F9C54 /* CoreData.framework */,
				93DF4BE4BD34420AA591E7D5 /* AdSupport.framework */,
				A323DE73D73843ADA1F998CB /* libz.dylib */,
			);
			name = Frameworks;
			sourceTree = "<group>";
		};
		301BF52E109A57CC0062928A /* Products */ = {
			isa = PBXGroup;
			children = (
				301BF535109A57CC0062928A /* libCordova.a */,
			);
			name = Products;
			sourceTree = "<group>";
		};
		307C750510C5A3420062BCA9 /* Plugins */ = {
			isa = PBXGroup;
			children = (
				86A27E2818BCED34009F27F1 /* CDVNotification.h */,
				86A27E2918BCED34009F27F1 /* CDVNotification.m */,
				86A27E1F18BC8868009F27F1 /* CDVFileTransfer.h */,
				86A27E2018BC8868009F27F1 /* CDVFileTransfer.m */,
				86A27E1618BC885D009F27F1 /* CDVAssetLibraryFilesystem.h */,
				86A27E1718BC885D009F27F1 /* CDVAssetLibraryFilesystem.m */,
				86A27E1818BC885D009F27F1 /* CDVFile.h */,
				86A27E1918BC885D009F27F1 /* CDVFile.m */,
				86A27E1A18BC885D009F27F1 /* CDVLocalFilesystem.h */,
				86A27E1B18BC885D009F27F1 /* CDVLocalFilesystem.m */,
				86A27E1318BC884B009F27F1 /* CDVDevice.h */,
				86A27E1418BC884B009F27F1 /* CDVDevice.m */,
				867E4C2018B5D85E00791714 /* CanvasCamera.h */,
				867E4C2118B5D85E00791714 /* CanvasCamera.m */,
				86ABF87E18CAE93A00940FDB /* PushNotification.h */,
				86ABF87F18CAE93A00940FDB /* PushNotification.m */,
				86ABF8DB18CCEE3300940FDB /* GoogleAnalytics */,
			);
			name = Plugins;
			path = lapetitefalope/Plugins;
			sourceTree = SOURCE_ROOT;
		};
		308D052D1370CCF300D202BF /* icons */ = {
			isa = PBXGroup;
			children = (
				867D9E8018CAE55E003C7541 /* icon-120.png */,
				30FC414816E50CA1004E6F35 /* icon-72@2x.png */,
				308D052E1370CCF300D202BF /* icon-72.png */,
				308D052F1370CCF300D202BF /* icon.png */,
				308D05301370CCF300D202BF /* icon@2x.png */,
			);
			path = icons;
			sourceTree = "<group>";
		};
		308D05311370CCF300D202BF /* splash */ = {
			isa = PBXGroup;
			children = (
				D4A0D8751607E02300AEF8BB /* Default-568h@2x~iphone.png */,
				3088BBBB154F3926009F9C59 /* Default@2x~iphone.png */,
				3088BBBC154F3926009F9C59 /* Default~iphone.png */,
			);
			path = splash;
			sourceTree = "<group>";
		};
		30A0434214DC770100060A13 /* de.lproj */ = {
			isa = PBXGroup;
			children = (
				30A0434314DC770100060A13 /* Localizable.strings */,
			);
			path = de.lproj;
			sourceTree = "<group>";
		};
		30A0434514DC770100060A13 /* se.lproj */ = {
			isa = PBXGroup;
			children = (
				30A0434614DC770100060A13 /* Localizable.strings */,
			);
			path = se.lproj;
			sourceTree = "<group>";
		};
		86A1794B18C1EC0D00BAB19C /* AFNetworking */ = {
			isa = PBXGroup;
			children = (
				86A1794C18C1EC0D00BAB19C /* AFHTTPRequestOperation.h */,
				86A1794D18C1EC0D00BAB19C /* AFHTTPRequestOperation.m */,
				86A1794E18C1EC0D00BAB19C /* AFHTTPRequestOperationManager.h */,
				86A1794F18C1EC0D00BAB19C /* AFHTTPRequestOperationManager.m */,
				86A1795018C1EC0D00BAB19C /* AFHTTPSessionManager.h */,
				86A1795118C1EC0D00BAB19C /* AFHTTPSessionManager.m */,
				86A1795218C1EC0D00BAB19C /* AFNetworking.h */,
				86A1795318C1EC0D00BAB19C /* AFNetworkReachabilityManager.h */,
				86A1795418C1EC0D00BAB19C /* AFNetworkReachabilityManager.m */,
				86A1795518C1EC0D00BAB19C /* AFSecurityPolicy.h */,
				86A1795618C1EC0D00BAB19C /* AFSecurityPolicy.m */,
				86A1795718C1EC0D00BAB19C /* AFURLConnectionOperation.h */,
				86A1795818C1EC0D00BAB19C /* AFURLConnectionOperation.m */,
				86A1795918C1EC0D00BAB19C /* AFURLRequestSerialization.h */,
				86A1795A18C1EC0D00BAB19C /* AFURLRequestSerialization.m */,
				86A1795B18C1EC0D00BAB19C /* AFURLResponseSerialization.h */,
				86A1795C18C1EC0D00BAB19C /* AFURLResponseSerialization.m */,
				86A1795D18C1EC0D00BAB19C /* AFURLSessionManager.h */,
				86A1795E18C1EC0D00BAB19C /* AFURLSessionManager.m */,
			);
			path = AFNetworking;
			sourceTree = "<group>";
		};
		86ABF8DB18CCEE3300940FDB /* GoogleAnalytics */ = {
			isa = PBXGroup;
			children = (
				86ABF8E218CCEE4C00940FDB /* libGoogleAnalyticsServices.a */,
				86ABF8DC18CCEE4600940FDB /* GAI.h */,
				86ABF8DD18CCEE4600940FDB /* GAIDictionaryBuilder.h */,
				86ABF8DE18CCEE4600940FDB /* GAIFields.h */,
				86ABF8DF18CCEE4600940FDB /* GAILogger.h */,
				86ABF8E018CCEE4600940FDB /* GAITrackedViewController.h */,
				86ABF8E118CCEE4600940FDB /* GAITracker.h */,
				86ABF8D818CCED7900940FDB /* UniversalAnalyticsPlugin.h */,
				86ABF8D918CCED7900940FDB /* UniversalAnalyticsPlugin.m */,
			);
			name = GoogleAnalytics;
			sourceTree = "<group>";
		};
/* End PBXGroup section */

/* Begin PBXNativeTarget section */
		1D6058900D05DD3D006BFB54 /* lapetitefalope */ = {
			isa = PBXNativeTarget;
			buildConfigurationList = 1D6058960D05DD3E006BFB54 /* Build configuration list for PBXNativeTarget "lapetitefalope" */;
			buildPhases = (
				304B58A110DAC018002A0835 /* Copy www directory */,
				1D60588D0D05DD3D006BFB54 /* Resources */,
				1D60588E0D05DD3D006BFB54 /* Sources */,
				1D60588F0D05DD3D006BFB54 /* Frameworks */,
			);
			buildRules = (
			);
			dependencies = (
				301BF551109A68C00062928A /* PBXTargetDependency */,
			);
			name = lapetitefalope;
			productName = lapetitefalope;
			productReference = 1D6058910D05DD3D006BFB54 /* lapetitefalope.app */;
			productType = "com.apple.product-type.application";
		};
/* End PBXNativeTarget section */

/* Begin PBXProject section */
		29B97313FDCFA39411CA2CEA /* Project object */ = {
			isa = PBXProject;
			attributes = {
				LastUpgradeCheck = 500;
				TargetAttributes = {
					1D6058900D05DD3D006BFB54 = {
						DevelopmentTeam = 8B9UPJ42VR;
					};
				};
			};
			buildConfigurationList = C01FCF4E08A954540054247B /* Build configuration list for PBXProject "lapetitefalope" */;
			compatibilityVersion = "Xcode 3.2";
			developmentRegion = English;
			hasScannedForEncodings = 1;
			knownRegions = (
				English,
				Japanese,
				French,
				German,
				en,
				es,
				de,
				se,
			);
			mainGroup = 29B97314FDCFA39411CA2CEA /* CustomTemplate */;
			projectDirPath = "";
			projectReferences = (
				{
					ProductGroup = 301BF52E109A57CC0062928A /* Products */;
					ProjectRef = 301BF52D109A57CC0062928A /* CordovaLib.xcodeproj */;
				},
			);
			projectRoot = "";
			targets = (
				1D6058900D05DD3D006BFB54 /* lapetitefalope */,
			);
		};
/* End PBXProject section */

/* Begin PBXReferenceProxy section */
		301BF535109A57CC0062928A /* libCordova.a */ = {
			isa = PBXReferenceProxy;
			fileType = archive.ar;
			path = libCordova.a;
			remoteRef = 301BF534109A57CC0062928A /* PBXContainerItemProxy */;
			sourceTree = BUILT_PRODUCTS_DIR;
		};
/* End PBXReferenceProxy section */

/* Begin PBXResourcesBuildPhase section */
		1D60588D0D05DD3D006BFB54 /* Resources */ = {
			isa = PBXResourcesBuildPhase;
			buildActionMask = 2147483647;
			files = (
				F840E1F1165FE0F500CFE078 /* config.xml in Resources */,
				867D9E8118CAE55E003C7541 /* icon-120.png in Resources */,
				308D05371370CCF300D202BF /* icon-72.png in Resources */,
				308D05381370CCF300D202BF /* icon.png in Resources */,
				308D05391370CCF300D202BF /* icon@2x.png in Resources */,
				86A27E1018BC84A7009F27F1 /* notpenny.png in Resources */,
				86BCEC1418B7E8EF00C8AF3E /* ohlavache.png in Resources */,
				1F766FE113BBADB100FB74C0 /* Localizable.strings in Resources */,
				302D95F214D2391D003F00A1 /* MainViewController.xib in Resources */,
				30A0434814DC770100060A13 /* Localizable.strings in Resources */,
				867E4C2918B796FA00791714 /* icon-camera.png in Resources */,
				86A27E2C18BCED40009F27F1 /* CDVNotification.bundle in Resources */,
				86DF1AF118BD901500B3A212 /* icon-close.png in Resources */,
				3088BBC1154F3926009F9C59 /* Default@2x~iphone.png in Resources */,
				3088BBC2154F3926009F9C59 /* Default~iphone.png in Resources */,
				D4A0D8761607E02300AEF8BB /* Default-568h@2x~iphone.png in Resources */,
				30FC414916E50CA1004E6F35 /* icon-72@2x.png in Resources */,
			);
			runOnlyForDeploymentPostprocessing = 0;
		};
/* End PBXResourcesBuildPhase section */

/* Begin PBXShellScriptBuildPhase section */
		304B58A110DAC018002A0835 /* Copy www directory */ = {
			isa = PBXShellScriptBuildPhase;
			buildActionMask = 2147483647;
			files = (
			);
			inputPaths = (
			);
			name = "Copy www directory";
			outputPaths = (
			);
			runOnlyForDeploymentPostprocessing = 0;
			shellPath = /bin/sh;
			shellScript = "cordova/lib/copy-www-build-step.sh";
		};
/* End PBXShellScriptBuildPhase section */

/* Begin PBXSourcesBuildPhase section */
		1D60588E0D05DD3D006BFB54 /* Sources */ = {
			isa = PBXSourcesBuildPhase;
			buildActionMask = 2147483647;
			files = (
				86A1796418C1EC0D00BAB19C /* AFURLConnectionOperation.m in Sources */,
				1D60589B0D05DD56006BFB54 /* main.m in Sources */,
				86A1796318C1EC0D00BAB19C /* AFSecurityPolicy.m in Sources */,
				1D3623260D0F684500981E51 /* AppDelegate.m in Sources */,
				86A1796018C1EC0D00BAB19C /* AFHTTPRequestOperationManager.m in Sources */,
				302D95F114D2391D003F00A1 /* MainViewController.m in Sources */,
				86A27E1518BC884B009F27F1 /* CDVDevice.m in Sources */,
				86A27E1D18BC885D009F27F1 /* CDVFile.m in Sources */,
				867E4C2218B5D85E00791714 /* CanvasCamera.m in Sources */,
				86A27E1E18BC885D009F27F1 /* CDVLocalFilesystem.m in Sources */,
				86A1796718C1EC0D00BAB19C /* AFURLSessionManager.m in Sources */,
				86A1796618C1EC0D00BAB19C /* AFURLResponseSerialization.m in Sources */,
				86ABF88018CAE93A00940FDB /* PushNotification.m in Sources */,
				86ABF8DA18CCED7900940FDB /* UniversalAnalyticsPlugin.m in Sources */,
				86A27E2A18BCED34009F27F1 /* CDVNotification.m in Sources */,
				86A27E2118BC8868009F27F1 /* CDVFileTransfer.m in Sources */,
				86A1796518C1EC0D00BAB19C /* AFURLRequestSerialization.m in Sources */,
				86A1796218C1EC0D00BAB19C /* AFNetworkReachabilityManager.m in Sources */,
				86A27E1C18BC885D009F27F1 /* CDVAssetLibraryFilesystem.m in Sources */,
				86A1795F18C1EC0D00BAB19C /* AFHTTPRequestOperation.m in Sources */,
				86A1796118C1EC0D00BAB19C /* AFHTTPSessionManager.m in Sources */,
			);
			runOnlyForDeploymentPostprocessing = 0;
		};
/* End PBXSourcesBuildPhase section */

/* Begin PBXTargetDependency section */
		301BF551109A68C00062928A /* PBXTargetDependency */ = {
			isa = PBXTargetDependency;
			name = CordovaLib;
			targetProxy = 301BF550109A68C00062928A /* PBXContainerItemProxy */;
		};
/* End PBXTargetDependency section */

/* Begin PBXVariantGroup section */
		1F766FDC13BBADB100FB74C0 /* Localizable.strings */ = {
			isa = PBXVariantGroup;
			children = (
				1F766FDD13BBADB100FB74C0 /* en */,
			);
			name = Localizable.strings;
			sourceTree = "<group>";
		};
		1F766FDF13BBADB100FB74C0 /* Localizable.strings */ = {
			isa = PBXVariantGroup;
			children = (
				1F766FE013BBADB100FB74C0 /* es */,
			);
			name = Localizable.strings;
			sourceTree = "<group>";
		};
		30A0434314DC770100060A13 /* Localizable.strings */ = {
			isa = PBXVariantGroup;
			children = (
				30A0434414DC770100060A13 /* de */,
			);
			name = Localizable.strings;
			sourceTree = "<group>";
		};
		30A0434614DC770100060A13 /* Localizable.strings */ = {
			isa = PBXVariantGroup;
			children = (
				30A0434714DC770100060A13 /* se */,
			);
			name = Localizable.strings;
			sourceTree = "<group>";
		};
/* End PBXVariantGroup section */

/* Begin XCBuildConfiguration section */
		1D6058940D05DD3E006BFB54 /* Debug */ = {
			isa = XCBuildConfiguration;
			buildSettings = {
				ALWAYS_SEARCH_USER_PATHS = NO;
				ARCHS = "$(ARCHS_STANDARD_32_BIT)";
				CLANG_ENABLE_OBJC_ARC = YES;
				CODE_SIGN_IDENTITY = "iPhone Developer";
				"CODE_SIGN_IDENTITY[sdk=iphoneos*]" = "iPhone Developer";
				COPY_PHASE_STRIP = NO;
				GCC_DYNAMIC_NO_PIC = NO;
				GCC_OPTIMIZATION_LEVEL = 0;
				GCC_PRECOMPILE_PREFIX_HEADER = YES;
				GCC_PREFIX_HEADER = "lapetitefalope/lapetitefalope-Prefix.pch";
				GCC_THUMB_SUPPORT = NO;
				GCC_VERSION = "";
				INFOPLIST_FILE = "lapetitefalope/lapetitefalope-Info.plist";
				IPHONEOS_DEPLOYMENT_TARGET = 6.1;
				LIBRARY_SEARCH_PATHS = (
					"$(inherited)",
					/Users/fredericfalliere/Dev/secrets/phonegap/platforms/ios/lapetitefalope/Plugins,
				);
				ONLY_ACTIVE_ARCH = NO;
				OTHER_LDFLAGS = (
					"-weak_framework",
					CoreFoundation,
					"-weak_framework",
					UIKit,
					"-weak_framework",
					AVFoundation,
					"-weak_framework",
					CoreMedia,
					"-weak-lSystem",
					"-force_load",
					"\"$(BUILT_PRODUCTS_DIR)/libCordova.a\"",
					"-ObjC",
				);
				PRODUCT_NAME = lapetitefalope;
				PROVISIONING_PROFILE = "";
				SDKROOT = iphoneos7.1;
				TARGETED_DEVICE_FAMILY = 1;
			};
			name = Debug;
		};
		1D6058950D05DD3E006BFB54 /* Release */ = {
			isa = XCBuildConfiguration;
			buildSettings = {
				ALWAYS_SEARCH_USER_PATHS = NO;
				ARCHS = "$(ARCHS_STANDARD_32_BIT)";
				CLANG_ENABLE_OBJC_ARC = YES;
				CODE_SIGN_IDENTITY = "iPhone Developer";
				"CODE_SIGN_IDENTITY[sdk=iphoneos*]" = "iPhone Developer";
				COPY_PHASE_STRIP = YES;
				GCC_PRECOMPILE_PREFIX_HEADER = YES;
				GCC_PREFIX_HEADER = "lapetitefalope/lapetitefalope-Prefix.pch";
				GCC_THUMB_SUPPORT = NO;
				GCC_VERSION = "";
				INFOPLIST_FILE = "lapetitefalope/lapetitefalope-Info.plist";
				IPHONEOS_DEPLOYMENT_TARGET = 6.1;
				LIBRARY_SEARCH_PATHS = (
					"$(inherited)",
					/Users/fredericfalliere/Dev/secrets/phonegap/platforms/ios/lapetitefalope/Plugins,
				);
				OTHER_LDFLAGS = (
					"-weak_framework",
					CoreFoundation,
					"-weak_framework",
					UIKit,
					"-weak_framework",
					AVFoundation,
					"-weak_framework",
					CoreMedia,
					"-weak-lSystem",
					"-force_load",
					"\"$(BUILT_PRODUCTS_DIR)/libCordova.a\"",
					"-ObjC",
				);
				PRODUCT_NAME = lapetitefalope;
				PROVISIONING_PROFILE = "";
				SDKROOT = iphoneos7.1;
				TARGETED_DEVICE_FAMILY = 1;
			};
			name = Release;
		};
		C01FCF4F08A954540054247B /* Debug */ = {
			isa = XCBuildConfiguration;
			buildSettings = {
				CLANG_ENABLE_OBJC_ARC = YES;
				CLANG_WARN_BOOL_CONVERSION = YES;
				CLANG_WARN_CONSTANT_CONVERSION = YES;
				CLANG_WARN_EMPTY_BODY = YES;
				CLANG_WARN_ENUM_CONVERSION = YES;
				CLANG_WARN_INT_CONVERSION = YES;
				CLANG_WARN__DUPLICATE_METHOD_MATCH = YES;
				"CODE_SIGN_IDENTITY[sdk=iphoneos*]" = "iPhone Developer";
				GCC_C_LANGUAGE_STANDARD = c99;
				GCC_THUMB_SUPPORT = NO;
				GCC_VERSION = "";
				GCC_WARN_ABOUT_RETURN_TYPE = YES;
				GCC_WARN_UNDECLARED_SELECTOR = YES;
				GCC_WARN_UNINITIALIZED_AUTOS = YES;
				GCC_WARN_UNUSED_FUNCTION = YES;
				GCC_WARN_UNUSED_VARIABLE = YES;
				HEADER_SEARCH_PATHS = (
					"\"$(TARGET_BUILD_DIR)/usr/local/lib/include\"",
					"\"$(OBJROOT)/UninstalledProducts/include\"",
					"\"$(BUILT_PRODUCTS_DIR)\"",
				);
				IPHONEOS_DEPLOYMENT_TARGET = 5.0;
				ONLY_ACTIVE_ARCH = YES;
				OTHER_LDFLAGS = (
					"-weak_framework",
					CoreFoundation,
					"-weak_framework",
					UIKit,
					"-weak_framework",
					AVFoundation,
					"-weak_framework",
					CoreMedia,
					"-weak-lSystem",
					"-force_load",
					"\"$(BUILT_PRODUCTS_DIR)/libCordova.a\"",
					"-ObjC",
				);
				SDKROOT = iphoneos;
				SKIP_INSTALL = NO;
				USER_HEADER_SEARCH_PATHS = "";
			};
			name = Debug;
		};
		C01FCF5008A954540054247B /* Release */ = {
			isa = XCBuildConfiguration;
			buildSettings = {
				CLANG_ENABLE_OBJC_ARC = YES;
				CLANG_WARN_BOOL_CONVERSION = YES;
				CLANG_WARN_CONSTANT_CONVERSION = YES;
				CLANG_WARN_EMPTY_BODY = YES;
				CLANG_WARN_ENUM_CONVERSION = YES;
				CLANG_WARN_INT_CONVERSION = YES;
				CLANG_WARN__DUPLICATE_METHOD_MATCH = YES;
				"CODE_SIGN_IDENTITY[sdk=iphoneos*]" = "iPhone Developer";
				GCC_C_LANGUAGE_STANDARD = c99;
				GCC_THUMB_SUPPORT = NO;
				GCC_VERSION = "";
				GCC_WARN_ABOUT_RETURN_TYPE = YES;
				GCC_WARN_UNDECLARED_SELECTOR = YES;
				GCC_WARN_UNINITIALIZED_AUTOS = YES;
				GCC_WARN_UNUSED_FUNCTION = YES;
				GCC_WARN_UNUSED_VARIABLE = YES;
				HEADER_SEARCH_PATHS = (
					"\"$(TARGET_BUILD_DIR)/usr/local/lib/include\"",
					"\"$(OBJROOT)/UninstalledProducts/include\"",
					"\"$(BUILT_PRODUCTS_DIR)\"",
				);
				IPHONEOS_DEPLOYMENT_TARGET = 5.0;
				OTHER_LDFLAGS = (
					"-weak_framework",
					CoreFoundation,
					"-weak_framework",
					UIKit,
					"-weak_framework",
					AVFoundation,
					"-weak_framework",
					CoreMedia,
					"-weak-lSystem",
					"-force_load",
					"\"$(BUILT_PRODUCTS_DIR)/libCordova.a\"",
					"-ObjC",
				);
				SDKROOT = iphoneos;
				SKIP_INSTALL = NO;
				USER_HEADER_SEARCH_PATHS = "";
			};
			name = Release;
		};
/* End XCBuildConfiguration section */

/* Begin XCConfigurationList section */
		1D6058960D05DD3E006BFB54 /* Build configuration list for PBXNativeTarget "lapetitefalope" */ = {
			isa = XCConfigurationList;
			buildConfigurations = (
				1D6058940D05DD3E006BFB54 /* Debug */,
				1D6058950D05DD3E006BFB54 /* Release */,
			);
			defaultConfigurationIsVisible = 0;
			defaultConfigurationName = Release;
		};
		C01FCF4E08A954540054247B /* Build configuration list for PBXProject "lapetitefalope" */ = {
			isa = XCConfigurationList;
			buildConfigurations = (
				C01FCF4F08A954540054247B /* Debug */,
				C01FCF5008A954540054247B /* Release */,
			);
			defaultConfigurationIsVisible = 0;
			defaultConfigurationName = Release;
		};
/* End XCConfigurationList section */
	};
	rootObject = 29B97313FDCFA39411CA2CEA /* Project object */;
}
